
Microsoft Visual Studio Solution File, Format Version 12.00
# Visual Studio Version 16
VisualStudioVersion = 16.0.810.8
MinimumVisualStudioVersion = 10.0.40219.1
Project("{FAE04EC0-301F-11D3-BF4B-00C04F79EFBC}") = "DesignPatterns", "DesignPatterns.csproj", "{21202C3D-D3DC-4C2E-A0A9-40AD13DAC877}"
EndProject
Global
	GlobalSection(SolutionConfigurationPlatforms) = preSolution
		Debug|Any CPU = Debug|Any CPU
		Release|Any CPU = Release|Any CPU
	EndGlobalSection
	GlobalSection(ProjectConfigurationPlatforms) = postSolution
		{21202C3D-D3DC-4C2E-A0A9-40AD13DAC877}.Debug|Any CPU.ActiveCfg = Debug|Any CPU
		{21202C3D-D3DC-4C2E-A0A9-40AD13DAC877}.Debug|Any CPU.Build.0 = Debug|Any CPU
		{21202C3D-D3DC-4C2E-A0A9-40AD13DAC877}.Release|Any CPU.ActiveCfg = Release|Any CPU
		{21202C3D-D3DC-4C2E-A0A9-40AD13DAC877}.Release|Any CPU.Build.0 = Release|Any CPU
	EndGlobalSection
	GlobalSection(SolutionProperties) = preSolution
		HideSolutionNode = FALSE
	EndGlobalSection
	GlobalSection(ExtensibilityGlobals) = postSolution
		SolutionGuid = {7D5B8B29-9744-46E8-A36D-39492B943D21}
	EndGlobalSection
EndGlobal
